// !$*UTF8*$!
{
	archiveVersion = 1;
	classes = {
	};
	objectVersion = 50;
	objects = {

/* Begin PBXBuildFile section */
		D086470325C4BB670098ACC6 /* AppDelegate.swift in Sources */ = {isa = PBXBuildFile; fileRef = D086470225C4BB670098ACC6 /* AppDelegate.swift */; };
		D086470525C4BB670098ACC6 /* SceneDelegate.swift in Sources */ = {isa = PBXBuildFile; fileRef = D086470425C4BB670098ACC6 /* SceneDelegate.swift */; };
		D086470725C4BB670098ACC6 /* ViewController.swift in Sources */ = {isa = PBXBuildFile; fileRef = D086470625C4BB670098ACC6 /* ViewController.swift */; };
		D086470A25C4BB670098ACC6 /* Main.storyboard in Resources */ = {isa = PBXBuildFile; fileRef = D086470825C4BB670098ACC6 /* Main.storyboard */; };
		D086470C25C4BB6A0098ACC6 /* Assets.xcassets in Resources */ = {isa = PBXBuildFile; fileRef = D086470B25C4BB6A0098ACC6 /* Assets.xcassets */; };
		D086470F25C4BB6A0098ACC6 /* LaunchScreen.storyboard in Resources */ = {isa = PBXBuildFile; fileRef = D086470D25C4BB6A0098ACC6 /* LaunchScreen.storyboard */; };
		D0FC890025C5A9CB00570C89 /* StockManager.swift in Sources */ = {isa = PBXBuildFile; fileRef = D0FC88FF25C5A9CB00570C89 /* StockManager.swift */; };
		D0FC890325C5AFBC00570C89 /* StocksData.swift in Sources */ = {isa = PBXBuildFile; fileRef = D0FC890225C5AFBC00570C89 /* StocksData.swift */; };
		D0FC890625C5BB2500570C89 /* StocksModel.swift in Sources */ = {isa = PBXBuildFile; fileRef = D0FC890525C5BB2500570C89 /* StocksModel.swift */; };
		D0FC890925C5DCF900570C89 /* ImageModel.swift in Sources */ = {isa = PBXBuildFile; fileRef = D0FC890825C5DCF900570C89 /* ImageModel.swift */; };
		D0FC890C25C5DD3000570C89 /* ImageData.swift in Sources */ = {isa = PBXBuildFile; fileRef = D0FC890B25C5DD3000570C89 /* ImageData.swift */; };
		D0FC891025C5E55D00570C89 /* ListOfCompaniesData.swift in Sources */ = {isa = PBXBuildFile; fileRef = D0FC890F25C5E55D00570C89 /* ListOfCompaniesData.swift */; };
		D0FC891325C5E56E00570C89 /* ListOfCompaniesModel.swift in Sources */ = {isa = PBXBuildFile; fileRef = D0FC891225C5E56E00570C89 /* ListOfCompaniesModel.swift */; };
/* End PBXBuildFile section */

/* Begin PBXFileReference section */
		D08646FF25C4BB670098ACC6 /* Stonks.app */ = {isa = PBXFileReference; explicitFileType = wrapper.application; includeInIndex = 0; path = Stonks.app; sourceTree = BUILT_PRODUCTS_DIR; };
		D086470225C4BB670098ACC6 /* AppDelegate.swift */ = {isa = PBXFileReference; lastKnownFileType = sourcecode.swift; path = AppDelegate.swift; sourceTree = "<group>"; };
		D086470425C4BB670098ACC6 /* SceneDelegate.swift */ = {isa = PBXFileReference; lastKnownFileType = sourcecode.swift; path = SceneDelegate.swift; sourceTree = "<group>"; };
		D086470625C4BB670098ACC6 /* ViewController.swift */ = {isa = PBXFileReference; lastKnownFileType = sourcecode.swift; path = ViewController.swift; sourceTree = "<group>"; };
		D086470925C4BB670098ACC6 /* Base */ = {isa = PBXFileReference; lastKnownFileType = file.storyboard; name = Base; path = Base.lproj/Main.storyboard; sourceTree = "<group>"; };
		D086470B25C4BB6A0098ACC6 /* Assets.xcassets */ = {isa = PBXFileReference; lastKnownFileType = folder.assetcatalog; path = Assets.xcassets; sourceTree = "<group>"; };
		D086470E25C4BB6A0098ACC6 /* Base */ = {isa = PBXFileReference; lastKnownFileType = file.storyboard; name = Base; path = Base.lproj/LaunchScreen.storyboard; sourceTree = "<group>"; };
		D086471025C4BB6A0098ACC6 /* Info.plist */ = {isa = PBXFileReference; lastKnownFileType = text.plist.xml; path = Info.plist; sourceTree = "<group>"; };
		D0FC88FF25C5A9CB00570C89 /* StockManager.swift */ = {isa = PBXFileReference; lastKnownFileType = sourcecode.swift; path = StockManager.swift; sourceTree = "<group>"; };
		D0FC890225C5AFBC00570C89 /* StocksData.swift */ = {isa = PBXFileReference; lastKnownFileType = sourcecode.swift; path = StocksData.swift; sourceTree = "<group>"; };
		D0FC890525C5BB2500570C89 /* StocksModel.swift */ = {isa = PBXFileReference; lastKnownFileType = sourcecode.swift; path = StocksModel.swift; sourceTree = "<group>"; };
		D0FC890825C5DCF900570C89 /* ImageModel.swift */ = {isa = PBXFileReference; lastKnownFileType = sourcecode.swift; path = ImageModel.swift; sourceTree = "<group>"; };
		D0FC890B25C5DD3000570C89 /* ImageData.swift */ = {isa = PBXFileReference; lastKnownFileType = sourcecode.swift; path = ImageData.swift; sourceTree = "<group>"; };
		D0FC890F25C5E55D00570C89 /* ListOfCompaniesData.swift */ = {isa = PBXFileReference; lastKnownFileType = sourcecode.swift; path = ListOfCompaniesData.swift; sourceTree = "<group>"; };
		D0FC891225C5E56E00570C89 /* ListOfCompaniesModel.swift */ = {isa = PBXFileReference; lastKnownFileType = sourcecode.swift; path = ListOfCompaniesModel.swift; sourceTree = "<group>"; };
/* End PBXFileReference section */

/* Begin PBXFrameworksBuildPhase section */
		D08646FC25C4BB670098ACC6 /* Frameworks */ = {
			isa = PBXFrameworksBuildPhase;
			buildActionMask = 2147483647;
			files = (
			);
			runOnlyForDeploymentPostprocessing = 0;
		};
/* End PBXFrameworksBuildPhase section */

/* Begin PBXGroup section */
		D08646F625C4BB670098ACC6 = {
			isa = PBXGroup;
			children = (
				D086470125C4BB670098ACC6 /* Stonks */,
				D086470025C4BB670098ACC6 /* Products */,
			);
			sourceTree = "<group>";
		};
		D086470025C4BB670098ACC6 /* Products */ = {
			isa = PBXGroup;
			children = (
				D08646FF25C4BB670098ACC6 /* Stonks.app */,
			);
			name = Products;
			sourceTree = "<group>";
		};
		D086470125C4BB670098ACC6 /* Stonks */ = {
			isa = PBXGroup;
			children = (
				D086470225C4BB670098ACC6 /* AppDelegate.swift */,
				D086470425C4BB670098ACC6 /* SceneDelegate.swift */,
				D0FC88F725C5A65100570C89 /* Models */,
				D0FC88F825C5A65800570C89 /* View */,
				D0FC88F925C5A66300570C89 /* Controller */,
				D0FC88FA25C5A66C00570C89 /* Network */,
				D0FC88FB25C5A67500570C89 /* Other */,
			);
			path = Stonks;
			sourceTree = "<group>";
		};
		D0FC88F725C5A65100570C89 /* Models */ = {
			isa = PBXGroup;
			children = (
				D0FC891525C5E57A00570C89 /* Stocks */,
				D0FC891725C5E58100570C89 /* Image */,
				D0FC891825C5E59000570C89 /* ListOfCompanies */,
			);
			path = Models;
			sourceTree = "<group>";
		};
		D0FC88F825C5A65800570C89 /* View */ = {
			isa = PBXGroup;
			children = (
				D086470825C4BB670098ACC6 /* Main.storyboard */,
			);
			path = View;
			sourceTree = "<group>";
		};
		D0FC88F925C5A66300570C89 /* Controller */ = {
			isa = PBXGroup;
			children = (
				D086470625C4BB670098ACC6 /* ViewController.swift */,
			);
			path = Controller;
			sourceTree = "<group>";
		};
		D0FC88FA25C5A66C00570C89 /* Network */ = {
			isa = PBXGroup;
			children = (
				D0FC88FF25C5A9CB00570C89 /* StockManager.swift */,
			);
			path = Network;
			sourceTree = "<group>";
		};
		D0FC88FB25C5A67500570C89 /* Other */ = {
			isa = PBXGroup;
			children = (
				D086470B25C4BB6A0098ACC6 /* Assets.xcassets */,
				D086470D25C4BB6A0098ACC6 /* LaunchScreen.storyboard */,
				D086471025C4BB6A0098ACC6 /* Info.plist */,
			);
			path = Other;
			sourceTree = "<group>";
		};
		D0FC891525C5E57A00570C89 /* Stocks */ = {
			isa = PBXGroup;
			children = (
				D0FC890225C5AFBC00570C89 /* StocksData.swift */,
				D0FC890525C5BB2500570C89 /* StocksModel.swift */,
			);
			path = Stocks;
			sourceTree = "<group>";
		};
		D0FC891725C5E58100570C89 /* Image */ = {
			isa = PBXGroup;
			children = (
				D0FC890B25C5DD3000570C89 /* ImageData.swift */,
				D0FC890825C5DCF900570C89 /* ImageModel.swift */,
			);
			path = Image;
			sourceTree = "<group>";
		};
		D0FC891825C5E59000570C89 /* ListOfCompanies */ = {
			isa = PBXGroup;
			children = (
				D0FC890F25C5E55D00570C89 /* ListOfCompaniesData.swift */,
				D0FC891225C5E56E00570C89 /* ListOfCompaniesModel.swift */,
			);
			path = ListOfCompanies;
			sourceTree = "<group>";
		};
/* End PBXGroup section */

/* Begin PBXNativeTarget section */
		D08646FE25C4BB670098ACC6 /* Stonks */ = {
			isa = PBXNativeTarget;
			buildConfigurationList = D086471325C4BB6A0098ACC6 /* Build configuration list for PBXNativeTarget "Stonks" */;
			buildPhases = (
				D08646FB25C4BB670098ACC6 /* Sources */,
				D08646FC25C4BB670098ACC6 /* Frameworks */,
				D08646FD25C4BB670098ACC6 /* Resources */,
			);
			buildRules = (
			);
			dependencies = (
			);
			name = Stonks;
			productName = Stonks;
			productReference = D08646FF25C4BB670098ACC6 /* Stonks.app */;
			productType = "com.apple.product-type.application";
		};
/* End PBXNativeTarget section */

/* Begin PBXProject section */
		D08646F725C4BB670098ACC6 /* Project object */ = {
			isa = PBXProject;
			attributes = {
				LastSwiftUpdateCheck = 1230;
				LastUpgradeCheck = 1230;
				TargetAttributes = {
					D08646FE25C4BB670098ACC6 = {
						CreatedOnToolsVersion = 12.3;
					};
				};
			};
			buildConfigurationList = D08646FA25C4BB670098ACC6 /* Build configuration list for PBXProject "Stonks" */;
			compatibilityVersion = "Xcode 9.3";
			developmentRegion = en;
			hasScannedForEncodings = 0;
			knownRegions = (
				en,
				Base,
			);
			mainGroup = D08646F625C4BB670098ACC6;
			productRefGroup = D086470025C4BB670098ACC6 /* Products */;
			projectDirPath = "";
			projectRoot = "";
			targets = (
				D08646FE25C4BB670098ACC6 /* Stonks */,
			);
		};
/* End PBXProject section */

/* Begin PBXResourcesBuildPhase section */
		D08646FD25C4BB670098ACC6 /* Resources */ = {
			isa = PBXResourcesBuildPhase;
			buildActionMask = 2147483647;
			files = (
				D086470F25C4BB6A0098ACC6 /* LaunchScreen.storyboard in Resources */,
				D086470C25C4BB6A0098ACC6 /* Assets.xcassets in Resources */,
				D086470A25C4BB670098ACC6 /* Main.storyboard in Resources */,
			);
			runOnlyForDeploymentPostprocessing = 0;
		};
/* End PBXResourcesBuildPhase section */

/* Begin PBXSourcesBuildPhase section */
		D08646FB25C4BB670098ACC6 /* Sources */ = {
			isa = PBXSourcesBuildPhase;
			buildActionMask = 2147483647;
			files = (
				D0FC891325C5E56E00570C89 /* ListOfCompaniesModel.swift in Sources */,
				D0FC890025C5A9CB00570C89 /* StockManager.swift in Sources */,
				D086470725C4BB670098ACC6 /* ViewController.swift in Sources */,
				D0FC890325C5AFBC00570C89 /* StocksData.swift in Sources */,
				D086470325C4BB670098ACC6 /* AppDelegate.swift in Sources */,
				D0FC890625C5BB2500570C89 /* StocksModel.swift in Sources */,
				D086470525C4BB670098ACC6 /* SceneDelegate.swift in Sources */,
				D0FC891025C5E55D00570C89 /* ListOfCompaniesData.swift in Sources */,
				D0FC890925C5DCF900570C89 /* ImageModel.swift in Sources */,
				D0FC890C25C5DD3000570C89 /* ImageData.swift in Sources */,
			);
			runOnlyForDeploymentPostprocessing = 0;
		};
/* End PBXSourcesBuildPhase section */

/* Begin PBXVariantGroup section */
		D086470825C4BB670098ACC6 /* Main.storyboard */ = {
			isa = PBXVariantGroup;
			children = (
				D086470925C4BB670098ACC6 /* Base */,
			);
			name = Main.storyboard;
			sourceTree = "<group>";
		};
		D086470D25C4BB6A0098ACC6 /* LaunchScreen.storyboard */ = {
			isa = PBXVariantGroup;
			children = (
				D086470E25C4BB6A0098ACC6 /* Base */,
			);
			name = LaunchScreen.storyboard;
			sourceTree = "<group>";
		};
/* End PBXVariantGroup section */

/* Begin XCBuildConfiguration section */
		D086471125C4BB6A0098ACC6 /* Debug */ = {
			isa = XCBuildConfiguration;
			buildSettings = {
				ALWAYS_SEARCH_USER_PATHS = NO;
				CLANG_ANALYZER_NONNULL = YES;
				CLANG_ANALYZER_NUMBER_OBJECT_CONVERSION = YES_AGGRESSIVE;
				CLANG_CXX_LANGUAGE_STANDARD = "gnu++14";
				CLANG_CXX_LIBRARY = "libc++";
				CLANG_ENABLE_MODULES = YES;
				CLANG_ENABLE_OBJC_ARC = YES;
				CLANG_ENABLE_OBJC_WEAK = YES;
				CLANG_WARN_BLOCK_CAPTURE_AUTORELEASING = YES;
				CLANG_WARN_BOOL_CONVERSION = YES;
				CLANG_WARN_COMMA = YES;
				CLANG_WARN_CONSTANT_CONVERSION = YES;
				CLANG_WARN_DEPRECATED_OBJC_IMPLEMENTATIONS = YES;
				CLANG_WARN_DIRECT_OBJC_ISA_USAGE = YES_ERROR;
				CLANG_WARN_DOCUMENTATION_COMMENTS = YES;
				CLANG_WARN_EMPTY_BODY = YES;
				CLANG_WARN_ENUM_CONVERSION = YES;
				CLANG_WARN_INFINITE_RECURSION = YES;
				CLANG_WARN_INT_CONVERSION = YES;
				CLANG_WARN_NON_LITERAL_NULL_CONVERSION = YES;
				CLANG_WARN_OBJC_IMPLICIT_RETAIN_SELF = YES;
				CLANG_WARN_OBJC_LITERAL_CONVERSION = YES;
				CLANG_WARN_OBJC_ROOT_CLASS = YES_ERROR;
				CLANG_WARN_QUOTED_INCLUDE_IN_FRAMEWORK_HEADER = YES;
				CLANG_WARN_RANGE_LOOP_ANALYSIS = YES;
				CLANG_WARN_STRICT_PROTOTYPES = YES;
				CLANG_WARN_SUSPICIOUS_MOVE = YES;
				CLANG_WARN_UNGUARDED_AVAILABILITY = YES_AGGRESSIVE;
				CLANG_WARN_UNREACHABLE_CODE = YES;
				CLANG_WARN__DUPLICATE_METHOD_MATCH = YES;
				COPY_PHASE_STRIP = NO;
				DEBUG_INFORMATION_FORMAT = dwarf;
				ENABLE_STRICT_OBJC_MSGSEND = YES;
				ENABLE_TESTABILITY = YES;
				GCC_C_LANGUAGE_STANDARD = gnu11;
				GCC_DYNAMIC_NO_PIC = NO;
				GCC_NO_COMMON_BLOCKS = YES;
				GCC_OPTIMIZATION_LEVEL = 0;
				GCC_PREPROCESSOR_DEFINITIONS = (
					"DEBUG=1",
					"$(inherited)",
				);
				GCC_WARN_64_TO_32_BIT_CONVERSION = YES;
				GCC_WARN_ABOUT_RETURN_TYPE = YES_ERROR;
				GCC_WARN_UNDECLARED_SELECTOR = YES;
				GCC_WARN_UNINITIALIZED_AUTOS = YES_AGGRESSIVE;
				GCC_WARN_UNUSED_FUNCTION = YES;
				GCC_WARN_UNUSED_VARIABLE = YES;
				IPHONEOS_DEPLOYMENT_TARGET = 14.3;
				MTL_ENABLE_DEBUG_INFO = INCLUDE_SOURCE;
				MTL_FAST_MATH = YES;
				ONLY_ACTIVE_ARCH = YES;
				SDKROOT = iphoneos;
				SWIFT_ACTIVE_COMPILATION_CONDITIONS = DEBUG;
				SWIFT_OPTIMIZATION_LEVEL = "-Onone";
			};
			name = Debug;
		};
		D086471225C4BB6A0098ACC6 /* Release */ = {
			isa = XCBuildConfiguration;
			buildSettings = {
				ALWAYS_SEARCH_USER_PATHS = NO;
				CLANG_ANALYZER_NONNULL = YES;
				CLANG_ANALYZER_NUMBER_OBJECT_CONVERSION = YES_AGGRESSIVE;
				CLANG_CXX_LANGUAGE_STANDARD = "gnu++14";
				CLANG_CXX_LIBRARY = "libc++";
				CLANG_ENABLE_MODULES = YES;
				CLANG_ENABLE_OBJC_ARC = YES;
				CLANG_ENABLE_OBJC_WEAK = YES;
				CLANG_WARN_BLOCK_CAPTURE_AUTORELEASING = YES;
				CLANG_WARN_BOOL_CONVERSION = YES;
				CLANG_WARN_COMMA = YES;
				CLANG_WARN_CONSTANT_CONVERSION = YES;
				CLANG_WARN_DEPRECATED_OBJC_IMPLEMENTATIONS = YES;
				CLANG_WARN_DIRECT_OBJC_ISA_USAGE = YES_ERROR;
				CLANG_WARN_DOCUMENTATION_COMMENTS = YES;
				CLANG_WARN_EMPTY_BODY = YES;
				CLANG_WARN_ENUM_CONVERSION = YES;
				CLANG_WARN_INFINITE_RECURSION = YES;
				CLANG_WARN_INT_CONVERSION = YES;
				CLANG_WARN_NON_LITERAL_NULL_CONVERSION = YES;
				CLANG_WARN_OBJC_IMPLICIT_RETAIN_SELF = YES;
				CLANG_WARN_OBJC_LITERAL_CONVERSION = YES;
				CLANG_WARN_OBJC_ROOT_CLASS = YES_ERROR;
				CLANG_WARN_QUOTED_INCLUDE_IN_FRAMEWORK_HEADER = YES;
				CLANG_WARN_RANGE_LOOP_ANALYSIS = YES;
				CLANG_WARN_STRICT_PROTOTYPES = YES;
				CLANG_WARN_SUSPICIOUS_MOVE = YES;
				CLANG_WARN_UNGUARDED_AVAILABILITY = YES_AGGRESSIVE;
				CLANG_WARN_UNREACHABLE_CODE = YES;
				CLANG_WARN__DUPLICATE_METHOD_MATCH = YES;
				COPY_PHASE_STRIP = NO;
				DEBUG_INFORMATION_FORMAT = "dwarf-with-dsym";
				ENABLE_NS_ASSERTIONS = NO;
				ENABLE_STRICT_OBJC_MSGSEND = YES;
				GCC_C_LANGUAGE_STANDARD = gnu11;
				GCC_NO_COMMON_BLOCKS = YES;
				GCC_WARN_64_TO_32_BIT_CONVERSION = YES;
				GCC_WARN_ABOUT_RETURN_TYPE = YES_ERROR;
				GCC_WARN_UNDECLARED_SELECTOR = YES;
				GCC_WARN_UNINITIALIZED_AUTOS = YES_AGGRESSIVE;
				GCC_WARN_UNUSED_FUNCTION = YES;
				GCC_WARN_UNUSED_VARIABLE = YES;
				IPHONEOS_DEPLOYMENT_TARGET = 14.3;
				MTL_ENABLE_DEBUG_INFO = NO;
				MTL_FAST_MATH = YES;
				SDKROOT = iphoneos;
				SWIFT_COMPILATION_MODE = wholemodule;
				SWIFT_OPTIMIZATION_LEVEL = "-O";
				VALIDATE_PRODUCT = YES;
			};
			name = Release;
		};
		D086471425C4BB6A0098ACC6 /* Debug */ = {
			isa = XCBuildConfiguration;
			buildSettings = {
				ASSETCATALOG_COMPILER_APPICON_NAME = AppIcon;
				ASSETCATALOG_COMPILER_GLOBAL_ACCENT_COLOR_NAME = AccentColor;
				CODE_SIGN_STYLE = Automatic;
				DEVELOPMENT_TEAM = YKJ7WX469T;
				INFOPLIST_FILE = Stonks/Other/Info.plist;
				LD_RUNPATH_SEARCH_PATHS = (
					"$(inherited)",
					"@executable_path/Frameworks",
				);
				PRODUCT_BUNDLE_IDENTIFIER = com.egormezhin.Stonks;
				PRODUCT_NAME = "$(TARGET_NAME)";
				SWIFT_VERSION = 5.0;
				TARGETED_DEVICE_FAMILY = 1;
			};
			name = Debug;
		};
		D086471525C4BB6A0098ACC6 /* Release */ = {
			isa = XCBuildConfiguration;
			buildSettings = {
				ASSETCATALOG_COMPILER_APPICON_NAME = AppIcon;
				ASSETCATALOG_COMPILER_GLOBAL_ACCENT_COLOR_NAME = AccentColor;
				CODE_SIGN_STYLE = Automatic;
				DEVELOPMENT_TEAM = YKJ7WX469T;
				INFOPLIST_FILE = Stonks/Other/Info.plist;
				LD_RUNPATH_SEARCH_PATHS = (
					"$(inherited)",
					"@executable_path/Frameworks",
				);
				PRODUCT_BUNDLE_IDENTIFIER = com.egormezhin.Stonks;
				PRODUCT_NAME = "$(TARGET_NAME)";
				SWIFT_VERSION = 5.0;
				TARGETED_DEVICE_FAMILY = 1;
			};
			name = Release;
		};
/* End XCBuildConfiguration section */

/* Begin XCConfigurationList section */
		D08646FA25C4BB670098ACC6 /* Build configuration list for PBXProject "Stonks" */ = {
			isa = XCConfigurationList;
			buildConfigurations = (
				D086471125C4BB6A0098ACC6 /* Debug */,
				D086471225C4BB6A0098ACC6 /* Release */,
			);
			defaultConfigurationIsVisible = 0;
			defaultConfigurationName = Release;
		};
		D086471325C4BB6A0098ACC6 /* Build configuration list for PBXNativeTarget "Stonks" */ = {
			isa = XCConfigurationList;
			buildConfigurations = (
				D086471425C4BB6A0098ACC6 /* Debug */,
				D086471525C4BB6A0098ACC6 /* Release */,
			);
			defaultConfigurationIsVisible = 0;
			defaultConfigurationName = Release;
		};
/* End XCConfigurationList section */
	};
	rootObject = D08646F725C4BB670098ACC6 /* Project object */;
}
